Microsoft Visual Studio Solution File, Format Version 12.00
# Visual Studio Version 17
VisualStudioVersion = 17.5.2.0
MinimumVisualStudioVersion = 10.0.40219.1
Project("{FAE04EC0-301F-11D3-BF4B-00C04F79EFBC}") = "SimpleApi", "SimpleApi\SimpleApi.csproj", "{05A28522-0D6B-6989-44AA-326E29D3EE86}"
EndProject
Global
	GlobalSection(SolutionConfigurationPlatforms) = preSolution
		Debug|Any CPU = Debug|Any CPU
		Release|Any CPU = Release|Any CPU
	EndGlobalSection
	GlobalSection(ProjectConfigurationPlatforms) = postSolution
		{05A28522-0D6B-6989-44AA-326E29D3EE86}.Debug|Any CPU.ActiveCfg = Debug|Any CPU
		{05A28522-0D6B-6989-44AA-326E29D3EE86}.Debug|Any CPU.Build.0 = Debug|Any CPU
		{05A28522-0D6B-6989-44AA-326E29D3EE86}.Release|Any CPU.ActiveCfg = Release|Any CPU
		{05A28522-0D6B-6989-44AA-326E29D3EE86}.Release|Any CPU.Build.0 = Release|Any CPU
	EndGlobalSection
	GlobalSection(SolutionProperties) = preSolution
		HideSolutionNode = FALSE
	EndGlobalSection
	GlobalSection(ExtensibilityGlobals) = postSolution
		SolutionGuid = {4F24F519-0B07-450D-8440-CA83C8E99245}
	EndGlobalSection
EndGlobal
