
Microsoft Visual Studio Solution File, Format Version 12.00
# Visual Studio Version 17
VisualStudioVersion = 17.5.2.0
MinimumVisualStudioVersion = 10.0.40219.1
Project("{FAE04EC0-301F-11D3-BF4B-00C04F79EFBC}") = "Test", "Test\Test.csproj", "{0A1E64AE-D0ED-E6EE-0445-2888C87C6BF3}"
EndProject
Project("{FAE04EC0-301F-11D3-BF4B-00C04F79EFBC}") = "webApp", "webApp\webApp.csproj", "{095C2ADF-A2BC-46FD-A48E-E2557B07A81B}"
EndProject
Global
	GlobalSection(SolutionConfigurationPlatforms) = preSolution
		Debug|Any CPU = Debug|Any CPU
		Debug|x64 = Debug|x64
		Debug|x86 = Debug|x86
		Release|Any CPU = Release|Any CPU
		Release|x64 = Release|x64
		Release|x86 = Release|x86
	EndGlobalSection
	GlobalSection(ProjectConfigurationPlatforms) = postSolution
		{0A1E64AE-D0ED-E6EE-0445-2888C87C6BF3}.Debug|Any CPU.ActiveCfg = Debug|Any CPU
		{0A1E64AE-D0ED-E6EE-0445-2888C87C6BF3}.Debug|Any CPU.Build.0 = Debug|Any CPU
		{0A1E64AE-D0ED-E6EE-0445-2888C87C6BF3}.Debug|x64.ActiveCfg = Debug|Any CPU
		{0A1E64AE-D0ED-E6EE-0445-2888C87C6BF3}.Debug|x64.Build.0 = Debug|Any CPU
		{0A1E64AE-D0ED-E6EE-0445-2888C87C6BF3}.Debug|x86.ActiveCfg = Debug|Any CPU
		{0A1E64AE-D0ED-E6EE-0445-2888C87C6BF3}.Debug|x86.Build.0 = Debug|Any CPU
		{0A1E64AE-D0ED-E6EE-0445-2888C87C6BF3}.Release|Any CPU.ActiveCfg = Release|Any CPU
		{0A1E64AE-D0ED-E6EE-0445-2888C87C6BF3}.Release|Any CPU.Build.0 = Release|Any CPU
		{0A1E64AE-D0ED-E6EE-0445-2888C87C6BF3}.Release|x64.ActiveCfg = Release|Any CPU
		{0A1E64AE-D0ED-E6EE-0445-2888C87C6BF3}.Release|x64.Build.0 = Release|Any CPU
		{0A1E64AE-D0ED-E6EE-0445-2888C87C6BF3}.Release|x86.ActiveCfg = Release|Any CPU
		{0A1E64AE-D0ED-E6EE-0445-2888C87C6BF3}.Release|x86.Build.0 = Release|Any CPU
		{095C2ADF-A2BC-46FD-A48E-E2557B07A81B}.Debug|Any CPU.ActiveCfg = Debug|Any CPU
		{095C2ADF-A2BC-46FD-A48E-E2557B07A81B}.Debug|Any CPU.Build.0 = Debug|Any CPU
		{095C2ADF-A2BC-46FD-A48E-E2557B07A81B}.Debug|x64.ActiveCfg = Debug|Any CPU
		{095C2ADF-A2BC-46FD-A48E-E2557B07A81B}.Debug|x64.Build.0 = Debug|Any CPU
		{095C2ADF-A2BC-46FD-A48E-E2557B07A81B}.Debug|x86.ActiveCfg = Debug|Any CPU
		{095C2ADF-A2BC-46FD-A48E-E2557B07A81B}.Debug|x86.Build.0 = Debug|Any CPU
		{095C2ADF-A2BC-46FD-A48E-E2557B07A81B}.Release|Any CPU.ActiveCfg = Release|Any CPU
		{095C2ADF-A2BC-46FD-A48E-E2557B07A81B}.Release|Any CPU.Build.0 = Release|Any CPU
		{095C2ADF-A2BC-46FD-A48E-E2557B07A81B}.Release|x64.ActiveCfg = Release|Any CPU
		{095C2ADF-A2BC-46FD-A48E-E2557B07A81B}.Release|x64.Build.0 = Release|Any CPU
		{095C2ADF-A2BC-46FD-A48E-E2557B07A81B}.Release|x86.ActiveCfg = Release|Any CPU
		{095C2ADF-A2BC-46FD-A48E-E2557B07A81B}.Release|x86.Build.0 = Release|Any CPU
	EndGlobalSection
	GlobalSection(SolutionProperties) = preSolution
		HideSolutionNode = FALSE
	EndGlobalSection
	GlobalSection(ExtensibilityGlobals) = postSolution
		SolutionGuid = {977C35BD-9B72-40B9-97D6-6321E838F5A0}
	EndGlobalSection
EndGlobal
