
Microsoft Visual Studio Solution File, Format Version 12.00
# Visual Studio Version 17
VisualStudioVersion = 17.0.31903.59
MinimumVisualStudioVersion = 10.0.40219.1
Project("{2150E333-8FDC-42A3-9474-1A3956D46DE8}") = "src", "src", "{827E0CD3-B72D-47B6-A68D-7590B98EB39B}"
EndProject
Project("{2150E333-8FDC-42A3-9474-1A3956D46DE8}") = "ApiGateway", "ApiGateway", "{FCA01246-F2C6-0AA7-D43F-FD13BE0B9D88}"
EndProject
Project("{FAE04EC0-301F-11D3-BF4B-00C04F79EFBC}") = "ECommerce.ApiGateway", "src\ApiGateway\ECommerce.ApiGateway\ECommerce.ApiGateway.csproj", "{C9DFD0C2-FD94-44F9-9C32-72EC711F74AA}"
EndProject
Project("{2150E333-8FDC-42A3-9474-1A3956D46DE8}") = "Services", "Services", "{984BB9B3-3FA3-BE33-9484-CAC21695A33C}"
EndProject
Project("{FAE04EC0-301F-11D3-BF4B-00C04F79EFBC}") = "ProductCatalog.Api", "src\Services\ProductCatalog.Api\ProductCatalog.Api.csproj", "{595C1386-36AF-43D7-BC52-C3A2C67E85A1}"
EndProject
Project("{FAE04EC0-301F-11D3-BF4B-00C04F79EFBC}") = "ShoppingCart.Api", "src\Services\ShoppingCart.Api\ShoppingCart.Api.csproj", "{EC0CA822-0737-4609-932C-6AA08771273B}"
EndProject
Project("{FAE04EC0-301F-11D3-BF4B-00C04F79EFBC}") = "OrderProcessing.Api", "src\Services\OrderProcessing.Api\OrderProcessing.Api.csproj", "{FA16F4E4-9A24-4ED7-BB90-F18487FB2DF9}"
EndProject
Project("{FAE04EC0-301F-11D3-BF4B-00C04F79EFBC}") = "Shipment.Api", "src\Services\Shipment.Api\Shipment.Api.csproj", "{67A02746-DFF6-47E6-9330-CB37900F63F8}"
EndProject
Global
	GlobalSection(SolutionConfigurationPlatforms) = preSolution
		Debug|Any CPU = Debug|Any CPU
		Debug|x64 = Debug|x64
		Debug|x86 = Debug|x86
		Release|Any CPU = Release|Any CPU
		Release|x64 = Release|x64
		Release|x86 = Release|x86
	EndGlobalSection
	GlobalSection(ProjectConfigurationPlatforms) = postSolution
		{C9DFD0C2-FD94-44F9-9C32-72EC711F74AA}.Debug|Any CPU.ActiveCfg = Debug|Any CPU
		{C9DFD0C2-FD94-44F9-9C32-72EC711F74AA}.Debug|Any CPU.Build.0 = Debug|Any CPU
		{C9DFD0C2-FD94-44F9-9C32-72EC711F74AA}.Debug|x64.ActiveCfg = Debug|Any CPU
		{C9DFD0C2-FD94-44F9-9C32-72EC711F74AA}.Debug|x64.Build.0 = Debug|Any CPU
		{C9DFD0C2-FD94-44F9-9C32-72EC711F74AA}.Debug|x86.ActiveCfg = Debug|Any CPU
		{C9DFD0C2-FD94-44F9-9C32-72EC711F74AA}.Debug|x86.Build.0 = Debug|Any CPU
		{C9DFD0C2-FD94-44F9-9C32-72EC711F74AA}.Release|Any CPU.ActiveCfg = Release|Any CPU
		{C9DFD0C2-FD94-44F9-9C32-72EC711F74AA}.Release|Any CPU.Build.0 = Release|Any CPU
		{C9DFD0C2-FD94-44F9-9C32-72EC711F74AA}.Release|x64.ActiveCfg = Release|Any CPU
		{C9DFD0C2-FD94-44F9-9C32-72EC711F74AA}.Release|x64.Build.0 = Release|Any CPU
		{C9DFD0C2-FD94-44F9-9C32-72EC711F74AA}.Release|x86.ActiveCfg = Release|Any CPU
		{C9DFD0C2-FD94-44F9-9C32-72EC711F74AA}.Release|x86.Build.0 = Release|Any CPU
		{595C1386-36AF-43D7-BC52-C3A2C67E85A1}.Debug|Any CPU.ActiveCfg = Debug|Any CPU
		{595C1386-36AF-43D7-BC52-C3A2C67E85A1}.Debug|Any CPU.Build.0 = Debug|Any CPU
		{595C1386-36AF-43D7-BC52-C3A2C67E85A1}.Debug|x64.ActiveCfg = Debug|Any CPU
		{595C1386-36AF-43D7-BC52-C3A2C67E85A1}.Debug|x64.Build.0 = Debug|Any CPU
		{595C1386-36AF-43D7-BC52-C3A2C67E85A1}.Debug|x86.ActiveCfg = Debug|Any CPU
		{595C1386-36AF-43D7-BC52-C3A2C67E85A1}.Debug|x86.Build.0 = Debug|Any CPU
		{595C1386-36AF-43D7-BC52-C3A2C67E85A1}.Release|Any CPU.ActiveCfg = Release|Any CPU
		{595C1386-36AF-43D7-BC52-C3A2C67E85A1}.Release|Any CPU.Build.0 = Release|Any CPU
		{595C1386-36AF-43D7-BC52-C3A2C67E85A1}.Release|x64.ActiveCfg = Release|Any CPU
		{595C1386-36AF-43D7-BC52-C3A2C67E85A1}.Release|x64.Build.0 = Release|Any CPU
		{595C1386-36AF-43D7-BC52-C3A2C67E85A1}.Release|x86.ActiveCfg = Release|Any CPU
		{595C1386-36AF-43D7-BC52-C3A2C67E85A1}.Release|x86.Build.0 = Release|Any CPU
		{EC0CA822-0737-4609-932C-6AA08771273B}.Debug|Any CPU.ActiveCfg = Debug|Any CPU
		{EC0CA822-0737-4609-932C-6AA08771273B}.Debug|Any CPU.Build.0 = Debug|Any CPU
		{EC0CA822-0737-4609-932C-6AA08771273B}.Debug|x64.ActiveCfg = Debug|Any CPU
		{EC0CA822-0737-4609-932C-6AA08771273B}.Debug|x64.Build.0 = Debug|Any CPU
		{EC0CA822-0737-4609-932C-6AA08771273B}.Debug|x86.ActiveCfg = Debug|Any CPU
		{EC0CA822-0737-4609-932C-6AA08771273B}.Debug|x86.Build.0 = Debug|Any CPU
		{EC0CA822-0737-4609-932C-6AA08771273B}.Release|Any CPU.ActiveCfg = Release|Any CPU
		{EC0CA822-0737-4609-932C-6AA08771273B}.Release|Any CPU.Build.0 = Release|Any CPU
		{EC0CA822-0737-4609-932C-6AA08771273B}.Release|x64.ActiveCfg = Release|Any CPU
		{EC0CA822-0737-4609-932C-6AA08771273B}.Release|x64.Build.0 = Release|Any CPU
		{EC0CA822-0737-4609-932C-6AA08771273B}.Release|x86.ActiveCfg = Release|Any CPU
		{EC0CA822-0737-4609-932C-6AA08771273B}.Release|x86.Build.0 = Release|Any CPU
		{FA16F4E4-9A24-4ED7-BB90-F18487FB2DF9}.Debug|Any CPU.ActiveCfg = Debug|Any CPU
		{FA16F4E4-9A24-4ED7-BB90-F18487FB2DF9}.Debug|Any CPU.Build.0 = Debug|Any CPU
		{FA16F4E4-9A24-4ED7-BB90-F18487FB2DF9}.Debug|x64.ActiveCfg = Debug|Any CPU
		{FA16F4E4-9A24-4ED7-BB90-F18487FB2DF9}.Debug|x64.Build.0 = Debug|Any CPU
		{FA16F4E4-9A24-4ED7-BB90-F18487FB2DF9}.Debug|x86.ActiveCfg = Debug|Any CPU
		{FA16F4E4-9A24-4ED7-BB90-F18487FB2DF9}.Debug|x86.Build.0 = Debug|Any CPU
		{FA16F4E4-9A24-4ED7-BB90-F18487FB2DF9}.Release|Any CPU.ActiveCfg = Release|Any CPU
		{FA16F4E4-9A24-4ED7-BB90-F18487FB2DF9}.Release|Any CPU.Build.0 = Release|Any CPU
		{FA16F4E4-9A24-4ED7-BB90-F18487FB2DF9}.Release|x64.ActiveCfg = Release|Any CPU
		{FA16F4E4-9A24-4ED7-BB90-F18487FB2DF9}.Release|x64.Build.0 = Release|Any CPU
		{FA16F4E4-9A24-4ED7-BB90-F18487FB2DF9}.Release|x86.ActiveCfg = Release|Any CPU
		{FA16F4E4-9A24-4ED7-BB90-F18487FB2DF9}.Release|x86.Build.0 = Release|Any CPU
		{67A02746-DFF6-47E6-9330-CB37900F63F8}.Debug|Any CPU.ActiveCfg = Debug|Any CPU
		{67A02746-DFF6-47E6-9330-CB37900F63F8}.Debug|Any CPU.Build.0 = Debug|Any CPU
		{67A02746-DFF6-47E6-9330-CB37900F63F8}.Debug|x64.ActiveCfg = Debug|Any CPU
		{67A02746-DFF6-47E6-9330-CB37900F63F8}.Debug|x64.Build.0 = Debug|Any CPU
		{67A02746-DFF6-47E6-9330-CB37900F63F8}.Debug|x86.ActiveCfg = Debug|Any CPU
		{67A02746-DFF6-47E6-9330-CB37900F63F8}.Debug|x86.Build.0 = Debug|Any CPU
		{67A02746-DFF6-47E6-9330-CB37900F63F8}.Release|Any CPU.ActiveCfg = Release|Any CPU
		{67A02746-DFF6-47E6-9330-CB37900F63F8}.Release|Any CPU.Build.0 = Release|Any CPU
		{67A02746-DFF6-47E6-9330-CB37900F63F8}.Release|x64.ActiveCfg = Release|Any CPU
		{67A02746-DFF6-47E6-9330-CB37900F63F8}.Release|x64.Build.0 = Release|Any CPU
		{67A02746-DFF6-47E6-9330-CB37900F63F8}.Release|x86.ActiveCfg = Release|Any CPU
		{67A02746-DFF6-47E6-9330-CB37900F63F8}.Release|x86.Build.0 = Release|Any CPU
	EndGlobalSection
	GlobalSection(SolutionProperties) = preSolution
		HideSolutionNode = FALSE
	EndGlobalSection
	GlobalSection(NestedProjects) = preSolution
		{FCA01246-F2C6-0AA7-D43F-FD13BE0B9D88} = {827E0CD3-B72D-47B6-A68D-7590B98EB39B}
		{C9DFD0C2-FD94-44F9-9C32-72EC711F74AA} = {FCA01246-F2C6-0AA7-D43F-FD13BE0B9D88}
		{984BB9B3-3FA3-BE33-9484-CAC21695A33C} = {827E0CD3-B72D-47B6-A68D-7590B98EB39B}
		{595C1386-36AF-43D7-BC52-C3A2C67E85A1} = {984BB9B3-3FA3-BE33-9484-CAC21695A33C}
		{EC0CA822-0737-4609-932C-6AA08771273B} = {984BB9B3-3FA3-BE33-9484-CAC21695A33C}
		{FA16F4E4-9A24-4ED7-BB90-F18487FB2DF9} = {984BB9B3-3FA3-BE33-9484-CAC21695A33C}
		{67A02746-DFF6-47E6-9330-CB37900F63F8} = {984BB9B3-3FA3-BE33-9484-CAC21695A33C}
	EndGlobalSection
EndGlobal
