Microsoft Visual Studio Solution File, Format Version 12.00
# Visual Studio Version 17
VisualStudioVersion = 17.5.2.0
MinimumVisualStudioVersion = 10.0.40219.1
Project("{FAE04EC0-301F-11D3-BF4B-00C04F79EFBC}") = "productCatalogMVC", "productCatalogMVC.csproj", "{53F5B9D8-D4F7-5EFB-BD63-6782F09B2B8A}"
EndProject
Global
	GlobalSection(SolutionConfigurationPlatforms) = preSolution
		Debug|Any CPU = Debug|Any CPU
		Release|Any CPU = Release|Any CPU
	EndGlobalSection
	GlobalSection(ProjectConfigurationPlatforms) = postSolution
		{53F5B9D8-D4F7-5EFB-BD63-6782F09B2B8A}.Debug|Any CPU.ActiveCfg = Debug|Any CPU
		{53F5B9D8-D4F7-5EFB-BD63-6782F09B2B8A}.Debug|Any CPU.Build.0 = Debug|Any CPU
		{53F5B9D8-D4F7-5EFB-BD63-6782F09B2B8A}.Release|Any CPU.ActiveCfg = Release|Any CPU
		{53F5B9D8-D4F7-5EFB-BD63-6782F09B2B8A}.Release|Any CPU.Build.0 = Release|Any CPU
	EndGlobalSection
	GlobalSection(SolutionProperties) = preSolution
		HideSolutionNode = FALSE
	EndGlobalSection
	GlobalSection(ExtensibilityGlobals) = postSolution
		SolutionGuid = {0BC9FCBD-9203-46F0-B428-911D88ADF13B}
	EndGlobalSection
EndGlobal
